// !$*UTF8*$!
{
	archiveVersion = 1;
	classes = {
	};
	objectVersion = 56;
	objects = {

/* Begin PBXBuildFile section */
		0386BF722AF34997002F2A2C /* PokemonManager.swift in Sources */ = {isa = PBXBuildFile; fileRef = 0386BF712AF34997002F2A2C /* PokemonManager.swift */; };
		0386BF752AF36DE9002F2A2C /* PokemonDetailView.swift in Sources */ = {isa = PBXBuildFile; fileRef = 0386BF742AF36DE9002F2A2C /* PokemonDetailView.swift */; };
		0386BF772AF377F1002F2A2C /* PokemonView.swift in Sources */ = {isa = PBXBuildFile; fileRef = 0386BF762AF377F1002F2A2C /* PokemonView.swift */; };
		03A678532AF1A65C0053FDDC /* PokedexApp.swift in Sources */ = {isa = PBXBuildFile; fileRef = 03A678522AF1A65C0053FDDC /* PokedexApp.swift */; };
		03A678552AF1A65C0053FDDC /* ContentView.swift in Sources */ = {isa = PBXBuildFile; fileRef = 03A678542AF1A65C0053FDDC /* ContentView.swift */; };
		03A678572AF1A65E0053FDDC /* Assets.xcassets in Resources */ = {isa = PBXBuildFile; fileRef = 03A678562AF1A65E0053FDDC /* Assets.xcassets */; };
		03A6785B2AF1A65E0053FDDC /* Preview Assets.xcassets in Resources */ = {isa = PBXBuildFile; fileRef = 03A6785A2AF1A65E0053FDDC /* Preview Assets.xcassets */; };
		03A678632AF1AB590053FDDC /* pokemon.json in Resources */ = {isa = PBXBuildFile; fileRef = 03A678622AF1AB590053FDDC /* pokemon.json */; };
		03C394192AF1B1A500A57CB0 /* Helpers.swift in Sources */ = {isa = PBXBuildFile; fileRef = 03C394182AF1B1A500A57CB0 /* Helpers.swift */; };
		03C3941C2AF1BA3C00A57CB0 /* PokemonModel.swift in Sources */ = {isa = PBXBuildFile; fileRef = 03C3941B2AF1BA3C00A57CB0 /* PokemonModel.swift */; };
		03C394202AF3490500A57CB0 /* ViewModel.swift in Sources */ = {isa = PBXBuildFile; fileRef = 03C3941F2AF3490500A57CB0 /* ViewModel.swift */; };
/* End PBXBuildFile section */

/* Begin PBXFileReference section */
		0386BF712AF34997002F2A2C /* PokemonManager.swift */ = {isa = PBXFileReference; lastKnownFileType = sourcecode.swift; path = PokemonManager.swift; sourceTree = "<group>"; };
		0386BF742AF36DE9002F2A2C /* PokemonDetailView.swift */ = {isa = PBXFileReference; lastKnownFileType = sourcecode.swift; path = PokemonDetailView.swift; sourceTree = "<group>"; };
		0386BF762AF377F1002F2A2C /* PokemonView.swift */ = {isa = PBXFileReference; lastKnownFileType = sourcecode.swift; path = PokemonView.swift; sourceTree = "<group>"; };
		03A6784F2AF1A65C0053FDDC /* Pokedex.app */ = {isa = PBXFileReference; explicitFileType = wrapper.application; includeInIndex = 0; path = Pokedex.app; sourceTree = BUILT_PRODUCTS_DIR; };
		03A678522AF1A65C0053FDDC /* PokedexApp.swift */ = {isa = PBXFileReference; lastKnownFileType = sourcecode.swift; path = PokedexApp.swift; sourceTree = "<group>"; };
		03A678542AF1A65C0053FDDC /* ContentView.swift */ = {isa = PBXFileReference; lastKnownFileType = sourcecode.swift; path = ContentView.swift; sourceTree = "<group>"; };
		03A678562AF1A65E0053FDDC /* Assets.xcassets */ = {isa = PBXFileReference; lastKnownFileType = folder.assetcatalog; path = Assets.xcassets; sourceTree = "<group>"; };
		03A678582AF1A65E0053FDDC /* Pokedex.entitlements */ = {isa = PBXFileReference; lastKnownFileType = text.plist.entitlements; path = Pokedex.entitlements; sourceTree = "<group>"; };
		03A6785A2AF1A65E0053FDDC /* Preview Assets.xcassets */ = {isa = PBXFileReference; lastKnownFileType = folder.assetcatalog; path = "Preview Assets.xcassets"; sourceTree = "<group>"; };
		03A678622AF1AB590053FDDC /* pokemon.json */ = {isa = PBXFileReference; lastKnownFileType = text.json; path = pokemon.json; sourceTree = "<group>"; };
		03C394182AF1B1A500A57CB0 /* Helpers.swift */ = {isa = PBXFileReference; lastKnownFileType = sourcecode.swift; path = Helpers.swift; sourceTree = "<group>"; };
		03C3941B2AF1BA3C00A57CB0 /* PokemonModel.swift */ = {isa = PBXFileReference; lastKnownFileType = sourcecode.swift; path = PokemonModel.swift; sourceTree = "<group>"; };
		03C3941F2AF3490500A57CB0 /* ViewModel.swift */ = {isa = PBXFileReference; lastKnownFileType = sourcecode.swift; path = ViewModel.swift; sourceTree = "<group>"; };
/* End PBXFileReference section */

/* Begin PBXFrameworksBuildPhase section */
		03A6784C2AF1A65C0053FDDC /* Frameworks */ = {
			isa = PBXFrameworksBuildPhase;
			buildActionMask = 2147483647;
			files = (
			);
			runOnlyForDeploymentPostprocessing = 0;
		};
/* End PBXFrameworksBuildPhase section */

/* Begin PBXGroup section */
		0386BF732AF36D72002F2A2C /* Views */ = {
			isa = PBXGroup;
			children = (
				03A678542AF1A65C0053FDDC /* ContentView.swift */,
				0386BF742AF36DE9002F2A2C /* PokemonDetailView.swift */,
				0386BF762AF377F1002F2A2C /* PokemonView.swift */,
			);
			path = Views;
			sourceTree = "<group>";
		};
		03A678462AF1A65C0053FDDC = {
			isa = PBXGroup;
			children = (
				03A678512AF1A65C0053FDDC /* Pokedex */,
				03A678502AF1A65C0053FDDC /* Products */,
			);
			sourceTree = "<group>";
		};
		03A678502AF1A65C0053FDDC /* Products */ = {
			isa = PBXGroup;
			children = (
				03A6784F2AF1A65C0053FDDC /* Pokedex.app */,
			);
			name = Products;
			sourceTree = "<group>";
		};
		03A678512AF1A65C0053FDDC /* Pokedex */ = {
			isa = PBXGroup;
			children = (
				03A678522AF1A65C0053FDDC /* PokedexApp.swift */,
				0386BF732AF36D72002F2A2C /* Views */,
				03C3941D2AF348D600A57CB0 /* ViewModels */,
				03C3941A2AF1BA1F00A57CB0 /* Models */,
				03C394212AF3495300A57CB0 /* Managers */,
				03A678652AF1B1010053FDDC /* Helpers */,
				03A678612AF1AB1C0053FDDC /* Data */,
				03A678562AF1A65E0053FDDC /* Assets.xcassets */,
				03A678582AF1A65E0053FDDC /* Pokedex.entitlements */,
				03A678592AF1A65E0053FDDC /* Preview Content */,
			);
			path = Pokedex;
			sourceTree = "<group>";
		};
		03A678592AF1A65E0053FDDC /* Preview Content */ = {
			isa = PBXGroup;
			children = (
				03A6785A2AF1A65E0053FDDC /* Preview Assets.xcassets */,
			);
			path = "Preview Content";
			sourceTree = "<group>";
		};
		03A678612AF1AB1C0053FDDC /* Data */ = {
			isa = PBXGroup;
			children = (
				03A678622AF1AB590053FDDC /* pokemon.json */,
			);
			path = Data;
			sourceTree = "<group>";
		};
		03A678652AF1B1010053FDDC /* Helpers */ = {
			isa = PBXGroup;
			children = (
				03C394182AF1B1A500A57CB0 /* Helpers.swift */,
			);
			path = Helpers;
			sourceTree = "<group>";
		};
		03C3941A2AF1BA1F00A57CB0 /* Models */ = {
			isa = PBXGroup;
			children = (
				03C3941B2AF1BA3C00A57CB0 /* PokemonModel.swift */,
			);
			path = Models;
			sourceTree = "<group>";
		};
		03C3941D2AF348D600A57CB0 /* ViewModels */ = {
			isa = PBXGroup;
			children = (
				03C3941F2AF3490500A57CB0 /* ViewModel.swift */,
			);
			path = ViewModels;
			sourceTree = "<group>";
		};
		03C394212AF3495300A57CB0 /* Managers */ = {
			isa = PBXGroup;
			children = (
				0386BF712AF34997002F2A2C /* PokemonManager.swift */,
			);
			path = Managers;
			sourceTree = "<group>";
		};
/* End PBXGroup section */

/* Begin PBXNativeTarget section */
		03A6784E2AF1A65C0053FDDC /* Pokedex */ = {
			isa = PBXNativeTarget;
			buildConfigurationList = 03A6785E2AF1A65E0053FDDC /* Build configuration list for PBXNativeTarget "Pokedex" */;
			buildPhases = (
				03A6784B2AF1A65C0053FDDC /* Sources */,
				03A6784C2AF1A65C0053FDDC /* Frameworks */,
				03A6784D2AF1A65C0053FDDC /* Resources */,
			);
			buildRules = (
			);
			dependencies = (
			);
			name = Pokedex;
			productName = Pokedex;
			productReference = 03A6784F2AF1A65C0053FDDC /* Pokedex.app */;
			productType = "com.apple.product-type.application";
		};
/* End PBXNativeTarget section */

/* Begin PBXProject section */
		03A678472AF1A65C0053FDDC /* Project object */ = {
			isa = PBXProject;
			attributes = {
				BuildIndependentTargetsInParallel = 1;
				LastSwiftUpdateCheck = 1500;
				LastUpgradeCheck = 1500;
				TargetAttributes = {
					03A6784E2AF1A65C0053FDDC = {
						CreatedOnToolsVersion = 15.0;
					};
				};
			};
			buildConfigurationList = 03A6784A2AF1A65C0053FDDC /* Build configuration list for PBXProject "Pokedex" */;
			compatibilityVersion = "Xcode 14.0";
			developmentRegion = en;
			hasScannedForEncodings = 0;
			knownRegions = (
				en,
				Base,
			);
			mainGroup = 03A678462AF1A65C0053FDDC;
			productRefGroup = 03A678502AF1A65C0053FDDC /* Products */;
			projectDirPath = "";
			projectRoot = "";
			targets = (
				03A6784E2AF1A65C0053FDDC /* Pokedex */,
			);
		};
/* End PBXProject section */

/* Begin PBXResourcesBuildPhase section */
		03A6784D2AF1A65C0053FDDC /* Resources */ = {
			isa = PBXResourcesBuildPhase;
			buildActionMask = 2147483647;
			files = (
				03A6785B2AF1A65E0053FDDC /* Preview Assets.xcassets in Resources */,
				03A678632AF1AB590053FDDC /* pokemon.json in Resources */,
				03A678572AF1A65E0053FDDC /* Assets.xcassets in Resources */,
			);
			runOnlyForDeploymentPostprocessing = 0;
		};
/* End PBXResourcesBuildPhase section */

/* Begin PBXSourcesBuildPhase section */
		03A6784B2AF1A65C0053FDDC /* Sources */ = {
			isa = PBXSourcesBuildPhase;
			buildActionMask = 2147483647;
			files = (
				0386BF772AF377F1002F2A2C /* PokemonView.swift in Sources */,
				03A678552AF1A65C0053FDDC /* ContentView.swift in Sources */,
				0386BF722AF34997002F2A2C /* PokemonManager.swift in Sources */,
				03C394192AF1B1A500A57CB0 /* Helpers.swift in Sources */,
				03A678532AF1A65C0053FDDC /* PokedexApp.swift in Sources */,
				03C394202AF3490500A57CB0 /* ViewModel.swift in Sources */,
				0386BF752AF36DE9002F2A2C /* PokemonDetailView.swift in Sources */,
				03C3941C2AF1BA3C00A57CB0 /* PokemonModel.swift in Sources */,
			);
			runOnlyForDeploymentPostprocessing = 0;
		};
/* End PBXSourcesBuildPhase section */

/* Begin XCBuildConfiguration section */
		03A6785C2AF1A65E0053FDDC /* Debug */ = {
			isa = XCBuildConfiguration;
			buildSettings = {
				ALWAYS_SEARCH_USER_PATHS = NO;
				ASSETCATALOG_COMPILER_GENERATE_SWIFT_ASSET_SYMBOL_EXTENSIONS = YES;
				CLANG_ANALYZER_NONNULL = YES;
				CLANG_ANALYZER_NUMBER_OBJECT_CONVERSION = YES_AGGRESSIVE;
				CLANG_CXX_LANGUAGE_STANDARD = "gnu++20";
				CLANG_ENABLE_MODULES = YES;
				CLANG_ENABLE_OBJC_ARC = YES;
				CLANG_ENABLE_OBJC_WEAK = YES;
				CLANG_WARN_BLOCK_CAPTURE_AUTORELEASING = YES;
				CLANG_WARN_BOOL_CONVERSION = YES;
				CLANG_WARN_COMMA = YES;
				CLANG_WARN_CONSTANT_CONVERSION = YES;
				CLANG_WARN_DEPRECATED_OBJC_IMPLEMENTATIONS = YES;
				CLANG_WARN_DIRECT_OBJC_ISA_USAGE = YES_ERROR;
				CLANG_WARN_DOCUMENTATION_COMMENTS = YES;
				CLANG_WARN_EMPTY_BODY = YES;
				CLANG_WARN_ENUM_CONVERSION = YES;
				CLANG_WARN_INFINITE_RECURSION = YES;
				CLANG_WARN_INT_CONVERSION = YES;
				CLANG_WARN_NON_LITERAL_NULL_CONVERSION = YES;
				CLANG_WARN_OBJC_IMPLICIT_RETAIN_SELF = YES;
				CLANG_WARN_OBJC_LITERAL_CONVERSION = YES;
				CLANG_WARN_OBJC_ROOT_CLASS = YES_ERROR;
				CLANG_WARN_QUOTED_INCLUDE_IN_FRAMEWORK_HEADER = YES;
				CLANG_WARN_RANGE_LOOP_ANALYSIS = YES;
				CLANG_WARN_STRICT_PROTOTYPES = YES;
				CLANG_WARN_SUSPICIOUS_MOVE = YES;
				CLANG_WARN_UNGUARDED_AVAILABILITY = YES_AGGRESSIVE;
				CLANG_WARN_UNREACHABLE_CODE = YES;
				CLANG_WARN__DUPLICATE_METHOD_MATCH = YES;
				COPY_PHASE_STRIP = NO;
				DEBUG_INFORMATION_FORMAT = dwarf;
				ENABLE_STRICT_OBJC_MSGSEND = YES;
				ENABLE_TESTABILITY = YES;
				ENABLE_USER_SCRIPT_SANDBOXING = YES;
				GCC_C_LANGUAGE_STANDARD = gnu17;
				GCC_DYNAMIC_NO_PIC = NO;
				GCC_NO_COMMON_BLOCKS = YES;
				GCC_OPTIMIZATION_LEVEL = 0;
				GCC_PREPROCESSOR_DEFINITIONS = (
					"DEBUG=1",
					"$(inherited)",
				);
				GCC_WARN_64_TO_32_BIT_CONVERSION = YES;
				GCC_WARN_ABOUT_RETURN_TYPE = YES_ERROR;
				GCC_WARN_UNDECLARED_SELECTOR = YES;
				GCC_WARN_UNINITIALIZED_AUTOS = YES_AGGRESSIVE;
				GCC_WARN_UNUSED_FUNCTION = YES;
				GCC_WARN_UNUSED_VARIABLE = YES;
				LOCALIZATION_PREFERS_STRING_CATALOGS = YES;
				MTL_ENABLE_DEBUG_INFO = INCLUDE_SOURCE;
				MTL_FAST_MATH = YES;
				ONLY_ACTIVE_ARCH = YES;
				SWIFT_ACTIVE_COMPILATION_CONDITIONS = "DEBUG $(inherited)";
				SWIFT_OPTIMIZATION_LEVEL = "-Onone";
			};
			name = Debug;
		};
		03A6785D2AF1A65E0053FDDC /* Release */ = {
			isa = XCBuildConfiguration;
			buildSettings = {
				ALWAYS_SEARCH_USER_PATHS = NO;
				ASSETCATALOG_COMPILER_GENERATE_SWIFT_ASSET_SYMBOL_EXTENSIONS = YES;
				CLANG_ANALYZER_NONNULL = YES;
				CLANG_ANALYZER_NUMBER_OBJECT_CONVERSION = YES_AGGRESSIVE;
				CLANG_CXX_LANGUAGE_STANDARD = "gnu++20";
				CLANG_ENABLE_MODULES = YES;
				CLANG_ENABLE_OBJC_ARC = YES;
				CLANG_ENABLE_OBJC_WEAK = YES;
				CLANG_WARN_BLOCK_CAPTURE_AUTORELEASING = YES;
				CLANG_WARN_BOOL_CONVERSION = YES;
				CLANG_WARN_COMMA = YES;
				CLANG_WARN_CONSTANT_CONVERSION = YES;
				CLANG_WARN_DEPRECATED_OBJC_IMPLEMENTATIONS = YES;
				CLANG_WARN_DIRECT_OBJC_ISA_USAGE = YES_ERROR;
				CLANG_WARN_DOCUMENTATION_COMMENTS = YES;
				CLANG_WARN_EMPTY_BODY = YES;
				CLANG_WARN_ENUM_CONVERSION = YES;
				CLANG_WARN_INFINITE_RECURSION = YES;
				CLANG_WARN_INT_CONVERSION = YES;
				CLANG_WARN_NON_LITERAL_NULL_CONVERSION = YES;
				CLANG_WARN_OBJC_IMPLICIT_RETAIN_SELF = YES;
				CLANG_WARN_OBJC_LITERAL_CONVERSION = YES;
				CLANG_WARN_OBJC_ROOT_CLASS = YES_ERROR;
				CLANG_WARN_QUOTED_INCLUDE_IN_FRAMEWORK_HEADER = YES;
				CLANG_WARN_RANGE_LOOP_ANALYSIS = YES;
				CLANG_WARN_STRICT_PROTOTYPES = YES;
				CLANG_WARN_SUSPICIOUS_MOVE = YES;
				CLANG_WARN_UNGUARDED_AVAILABILITY = YES_AGGRESSIVE;
				CLANG_WARN_UNREACHABLE_CODE = YES;
				CLANG_WARN__DUPLICATE_METHOD_MATCH = YES;
				COPY_PHASE_STRIP = NO;
				DEBUG_INFORMATION_FORMAT = "dwarf-with-dsym";
				ENABLE_NS_ASSERTIONS = NO;
				ENABLE_STRICT_OBJC_MSGSEND = YES;
				ENABLE_USER_SCRIPT_SANDBOXING = YES;
				GCC_C_LANGUAGE_STANDARD = gnu17;
				GCC_NO_COMMON_BLOCKS = YES;
				GCC_WARN_64_TO_32_BIT_CONVERSION = YES;
				GCC_WARN_ABOUT_RETURN_TYPE = YES_ERROR;
				GCC_WARN_UNDECLARED_SELECTOR = YES;
				GCC_WARN_UNINITIALIZED_AUTOS = YES_AGGRESSIVE;
				GCC_WARN_UNUSED_FUNCTION = YES;
				GCC_WARN_UNUSED_VARIABLE = YES;
				LOCALIZATION_PREFERS_STRING_CATALOGS = YES;
				MTL_ENABLE_DEBUG_INFO = NO;
				MTL_FAST_MATH = YES;
				SWIFT_COMPILATION_MODE = wholemodule;
			};
			name = Release;
		};
		03A6785F2AF1A65E0053FDDC /* Debug */ = {
			isa = XCBuildConfiguration;
			buildSettings = {
				ASSETCATALOG_COMPILER_APPICON_NAME = AppIcon;
				ASSETCATALOG_COMPILER_GLOBAL_ACCENT_COLOR_NAME = AccentColor;
				CODE_SIGN_ENTITLEMENTS = Pokedex/Pokedex.entitlements;
				CODE_SIGN_STYLE = Automatic;
				CURRENT_PROJECT_VERSION = 1;
				DEVELOPMENT_ASSET_PATHS = "\"Pokedex/Preview Content\"";
				DEVELOPMENT_TEAM = WL6KDMZT9N;
				ENABLE_HARDENED_RUNTIME = YES;
				ENABLE_PREVIEWS = YES;
				GENERATE_INFOPLIST_FILE = YES;
				"INFOPLIST_KEY_UIApplicationSceneManifest_Generation[sdk=iphoneos*]" = YES;
				"INFOPLIST_KEY_UIApplicationSceneManifest_Generation[sdk=iphonesimulator*]" = YES;
				"INFOPLIST_KEY_UIApplicationSupportsIndirectInputEvents[sdk=iphoneos*]" = YES;
				"INFOPLIST_KEY_UIApplicationSupportsIndirectInputEvents[sdk=iphonesimulator*]" = YES;
				"INFOPLIST_KEY_UILaunchScreen_Generation[sdk=iphoneos*]" = YES;
				"INFOPLIST_KEY_UILaunchScreen_Generation[sdk=iphonesimulator*]" = YES;
				"INFOPLIST_KEY_UIStatusBarStyle[sdk=iphoneos*]" = UIStatusBarStyleDefault;
				"INFOPLIST_KEY_UIStatusBarStyle[sdk=iphonesimulator*]" = UIStatusBarStyleDefault;
				INFOPLIST_KEY_UISupportedInterfaceOrientations_iPad = "UIInterfaceOrientationPortrait UIInterfaceOrientationPortraitUpsideDown UIInterfaceOrientationLandscapeLeft UIInterfaceOrientationLandscapeRight";
				INFOPLIST_KEY_UISupportedInterfaceOrientations_iPhone = "UIInterfaceOrientationPortrait UIInterfaceOrientationLandscapeLeft UIInterfaceOrientationLandscapeRight";
				IPHONEOS_DEPLOYMENT_TARGET = 17.0;
				LD_RUNPATH_SEARCH_PATHS = "@executable_path/Frameworks";
				"LD_RUNPATH_SEARCH_PATHS[sdk=macosx*]" = "@executable_path/../Frameworks";
				MACOSX_DEPLOYMENT_TARGET = 14.0;
				MARKETING_VERSION = 1.0;
				PRODUCT_BUNDLE_IDENTIFIER = com.sergioflores.Pokedex;
				PRODUCT_NAME = "$(TARGET_NAME)";
				SDKROOT = auto;
				SUPPORTED_PLATFORMS = "iphoneos iphonesimulator macosx";
				SWIFT_EMIT_LOC_STRINGS = YES;
				SWIFT_VERSION = 5.0;
				TARGETED_DEVICE_FAMILY = "1,2";
			};
			name = Debug;
		};
		03A678602AF1A65E0053FDDC /* Release */ = {
			isa = XCBuildConfiguration;
			buildSettings = {
				ASSETCATALOG_COMPILER_APPICON_NAME = AppIcon;
				ASSETCATALOG_COMPILER_GLOBAL_ACCENT_COLOR_NAME = AccentColor;
				CODE_SIGN_ENTITLEMENTS = Pokedex/Pokedex.entitlements;
				CODE_SIGN_STYLE = Automatic;
				CURRENT_PROJECT_VERSION = 1;
				DEVELOPMENT_ASSET_PATHS = "\"Pokedex/Preview Content\"";
				DEVELOPMENT_TEAM = WL6KDMZT9N;
				ENABLE_HARDENED_RUNTIME = YES;
				ENABLE_PREVIEWS = YES;
				GENERATE_INFOPLIST_FILE = YES;
				"INFOPLIST_KEY_UIApplicationSceneManifest_Generation[sdk=iphoneos*]" = YES;
				"INFOPLIST_KEY_UIApplicationSceneManifest_Generation[sdk=iphonesimulator*]" = YES;
				"INFOPLIST_KEY_UIApplicationSupportsIndirectInputEvents[sdk=iphoneos*]" = YES;
				"INFOPLIST_KEY_UIApplicationSupportsIndirectInputEvents[sdk=iphonesimulator*]" = YES;
				"INFOPLIST_KEY_UILaunchScreen_Generation[sdk=iphoneos*]" = YES;
				"INFOPLIST_KEY_UILaunchScreen_Generation[sdk=iphonesimulator*]" = YES;
				"INFOPLIST_KEY_UIStatusBarStyle[sdk=iphoneos*]" = UIStatusBarStyleDefault;
				"INFOPLIST_KEY_UIStatusBarStyle[sdk=iphonesimulator*]" = UIStatusBarStyleDefault;
				INFOPLIST_KEY_UISupportedInterfaceOrientations_iPad = "UIInterfaceOrientationPortrait UIInterfaceOrientationPortraitUpsideDown UIInterfaceOrientationLandscapeLeft UIInterfaceOrientationLandscapeRight";
				INFOPLIST_KEY_UISupportedInterfaceOrientations_iPhone = "UIInterfaceOrientationPortrait UIInterfaceOrientationLandscapeLeft UIInterfaceOrientationLandscapeRight";
				IPHONEOS_DEPLOYMENT_TARGET = 17.0;
				LD_RUNPATH_SEARCH_PATHS = "@executable_path/Frameworks";
				"LD_RUNPATH_SEARCH_PATHS[sdk=macosx*]" = "@executable_path/../Frameworks";
				MACOSX_DEPLOYMENT_TARGET = 14.0;
				MARKETING_VERSION = 1.0;
				PRODUCT_BUNDLE_IDENTIFIER = com.sergioflores.Pokedex;
				PRODUCT_NAME = "$(TARGET_NAME)";
				SDKROOT = auto;
				SUPPORTED_PLATFORMS = "iphoneos iphonesimulator macosx";
				SWIFT_EMIT_LOC_STRINGS = YES;
				SWIFT_VERSION = 5.0;
				TARGETED_DEVICE_FAMILY = "1,2";
			};
			name = Release;
		};
/* End XCBuildConfiguration section */

/* Begin XCConfigurationList section */
		03A6784A2AF1A65C0053FDDC /* Build configuration list for PBXProject "Pokedex" */ = {
			isa = XCConfigurationList;
			buildConfigurations = (
				03A6785C2AF1A65E0053FDDC /* Debug */,
				03A6785D2AF1A65E0053FDDC /* Release */,
			);
			defaultConfigurationIsVisible = 0;
			defaultConfigurationName = Release;
		};
		03A6785E2AF1A65E0053FDDC /* Build configuration list for PBXNativeTarget "Pokedex" */ = {
			isa = XCConfigurationList;
			buildConfigurations = (
				03A6785F2AF1A65E0053FDDC /* Debug */,
				03A678602AF1A65E0053FDDC /* Release */,
			);
			defaultConfigurationIsVisible = 0;
			defaultConfigurationName = Release;
		};
/* End XCConfigurationList section */
	};
	rootObject = 03A678472AF1A65C0053FDDC /* Project object */;
}
